// !$*UTF8*$!
{
	archiveVersion = 1;
	classes = {
	};
	objectVersion = 55;
	objects = {

/* Begin PBXBuildFile section */
		73225E852885CDB90013078D /* ExbookApp.swift in Sources */ = {isa = PBXBuildFile; fileRef = 73225E752885CDB60013078D /* ExbookApp.swift */; };
		73225E862885CDB90013078D /* ExbookApp.swift in Sources */ = {isa = PBXBuildFile; fileRef = 73225E752885CDB60013078D /* ExbookApp.swift */; };
		73225E872885CDB90013078D /* ContentView.swift in Sources */ = {isa = PBXBuildFile; fileRef = 73225E762885CDB60013078D /* ContentView.swift */; };
		73225E882885CDB90013078D /* ContentView.swift in Sources */ = {isa = PBXBuildFile; fileRef = 73225E762885CDB60013078D /* ContentView.swift */; };
		73225E892885CDB90013078D /* Assets.xcassets in Resources */ = {isa = PBXBuildFile; fileRef = 73225E772885CDB90013078D /* Assets.xcassets */; };
		73225E8A2885CDB90013078D /* Assets.xcassets in Resources */ = {isa = PBXBuildFile; fileRef = 73225E772885CDB90013078D /* Assets.xcassets */; };
		73225E962885D5CF0013078D /* AppState.swift in Sources */ = {isa = PBXBuildFile; fileRef = 73225E952885D5CF0013078D /* AppState.swift */; };
		73225E972885D5CF0013078D /* AppState.swift in Sources */ = {isa = PBXBuildFile; fileRef = 73225E952885D5CF0013078D /* AppState.swift */; };
		73225E9D2885D8510013078D /* HomeView.swift in Sources */ = {isa = PBXBuildFile; fileRef = 73225E9C2885D8510013078D /* HomeView.swift */; };
		73225E9E2885D8510013078D /* HomeView.swift in Sources */ = {isa = PBXBuildFile; fileRef = 73225E9C2885D8510013078D /* HomeView.swift */; };
		73225EA02885DA940013078D /* ListingView.swift in Sources */ = {isa = PBXBuildFile; fileRef = 73225E9F2885DA940013078D /* ListingView.swift */; };
		73225EA12885DA940013078D /* ListingView.swift in Sources */ = {isa = PBXBuildFile; fileRef = 73225E9F2885DA940013078D /* ListingView.swift */; };
		73225EA32885DABD0013078D /* AccountView.swift in Sources */ = {isa = PBXBuildFile; fileRef = 73225EA22885DABD0013078D /* AccountView.swift */; };
		73225EA42885DABD0013078D /* AccountView.swift in Sources */ = {isa = PBXBuildFile; fileRef = 73225EA22885DABD0013078D /* AccountView.swift */; };
		73225EA72885DB940013078D /* BasketView.swift in Sources */ = {isa = PBXBuildFile; fileRef = 73225EA62885DB940013078D /* BasketView.swift */; };
		73225EA82885DB940013078D /* BasketView.swift in Sources */ = {isa = PBXBuildFile; fileRef = 73225EA62885DB940013078D /* BasketView.swift */; };
		73225EAA2885DE670013078D /* SearchBar.swift in Sources */ = {isa = PBXBuildFile; fileRef = 73225EA92885DE670013078D /* SearchBar.swift */; };
		73225EAB2885DE670013078D /* SearchBar.swift in Sources */ = {isa = PBXBuildFile; fileRef = 73225EA92885DE670013078D /* SearchBar.swift */; };
		73225EAD2885DE800013078D /* HomeViewModel.swift in Sources */ = {isa = PBXBuildFile; fileRef = 73225EAC2885DE800013078D /* HomeViewModel.swift */; };
		73225EAE2885DE800013078D /* HomeViewModel.swift in Sources */ = {isa = PBXBuildFile; fileRef = 73225EAC2885DE800013078D /* HomeViewModel.swift */; };
		739B2DBE288AB05F00EB6453 /* Offer.swift in Sources */ = {isa = PBXBuildFile; fileRef = 739B2DBD288AB05F00EB6453 /* Offer.swift */; };
		739B2DBF288AB05F00EB6453 /* Offer.swift in Sources */ = {isa = PBXBuildFile; fileRef = 739B2DBD288AB05F00EB6453 /* Offer.swift */; };
		739B2DC3288AB24F00EB6453 /* Money.swift in Sources */ = {isa = PBXBuildFile; fileRef = 739B2DC2288AB24F00EB6453 /* Money.swift */; };
		739B2DC4288AB24F00EB6453 /* Money.swift in Sources */ = {isa = PBXBuildFile; fileRef = 739B2DC2288AB24F00EB6453 /* Money.swift */; };
		739B2DC7288AB44D00EB6453 /* User.swift in Sources */ = {isa = PBXBuildFile; fileRef = 739B2DC6288AB44D00EB6453 /* User.swift */; };
		739B2DC8288AB44D00EB6453 /* User.swift in Sources */ = {isa = PBXBuildFile; fileRef = 739B2DC6288AB44D00EB6453 /* User.swift */; };
		739B2DCB288AB4C900EB6453 /* ShippingMethod.swift in Sources */ = {isa = PBXBuildFile; fileRef = 739B2DCA288AB4C900EB6453 /* ShippingMethod.swift */; };
		739B2DCC288AB4C900EB6453 /* ShippingMethod.swift in Sources */ = {isa = PBXBuildFile; fileRef = 739B2DCA288AB4C900EB6453 /* ShippingMethod.swift */; };
		739B2DCF288ABC6E00EB6453 /* Category.swift in Sources */ = {isa = PBXBuildFile; fileRef = 739B2DCE288ABC6E00EB6453 /* Category.swift */; };
		739B2DD0288ABC6E00EB6453 /* Category.swift in Sources */ = {isa = PBXBuildFile; fileRef = 739B2DCE288ABC6E00EB6453 /* Category.swift */; };
		739B2DD2288ABCD300EB6453 /* OfferInteractor.swift in Sources */ = {isa = PBXBuildFile; fileRef = 739B2DD1288ABCD300EB6453 /* OfferInteractor.swift */; };
		739B2DD3288ABCD300EB6453 /* OfferInteractor.swift in Sources */ = {isa = PBXBuildFile; fileRef = 739B2DD1288ABCD300EB6453 /* OfferInteractor.swift */; };
		739B2DD5288ABF0E00EB6453 /* ListingSearchBar.swift in Sources */ = {isa = PBXBuildFile; fileRef = 739B2DD4288ABF0E00EB6453 /* ListingSearchBar.swift */; };
		739B2DD6288ABF0E00EB6453 /* ListingSearchBar.swift in Sources */ = {isa = PBXBuildFile; fileRef = 739B2DD4288ABF0E00EB6453 /* ListingSearchBar.swift */; };
		73CB0818288862AB00058217 /* SwiftUIRouter in Frameworks */ = {isa = PBXBuildFile; productRef = 73CB0817288862AB00058217 /* SwiftUIRouter */; };
		73CB081B2888631700058217 /* SwiftUIRouter in Frameworks */ = {isa = PBXBuildFile; productRef = 73CB081A2888631700058217 /* SwiftUIRouter */; };
		73CB081E28886AE800058217 /* NavigableView.swift in Sources */ = {isa = PBXBuildFile; fileRef = 73CB081D28886AE800058217 /* NavigableView.swift */; };
		73CB081F28886AE800058217 /* NavigableView.swift in Sources */ = {isa = PBXBuildFile; fileRef = 73CB081D28886AE800058217 /* NavigableView.swift */; };
		73CB08252888814500058217 /* Spacing.swift in Sources */ = {isa = PBXBuildFile; fileRef = 73CB08242888814500058217 /* Spacing.swift */; };
		73CB08262888814500058217 /* Spacing.swift in Sources */ = {isa = PBXBuildFile; fileRef = 73CB08242888814500058217 /* Spacing.swift */; };
		73CB0829288881C600058217 /* Color.swift in Sources */ = {isa = PBXBuildFile; fileRef = 73CB0828288881C600058217 /* Color.swift */; };
		73CB082A288881C600058217 /* Color.swift in Sources */ = {isa = PBXBuildFile; fileRef = 73CB0828288881C600058217 /* Color.swift */; };
		73CB082C288882BC00058217 /* StandardUI.swift in Sources */ = {isa = PBXBuildFile; fileRef = 73CB082B288882BC00058217 /* StandardUI.swift */; };
		73CB082D288882BC00058217 /* StandardUI.swift in Sources */ = {isa = PBXBuildFile; fileRef = 73CB082B288882BC00058217 /* StandardUI.swift */; };
		73FBADB2288C08E900200490 /* DIContainer.swift in Sources */ = {isa = PBXBuildFile; fileRef = 73FBADB1288C08E900200490 /* DIContainer.swift */; };
		73FBADB3288C08E900200490 /* DIContainer.swift in Sources */ = {isa = PBXBuildFile; fileRef = 73FBADB1288C08E900200490 /* DIContainer.swift */; };
		73FBADB5288C092300200490 /* InteractorsContainer.swift in Sources */ = {isa = PBXBuildFile; fileRef = 73FBADB4288C092300200490 /* InteractorsContainer.swift */; };
		73FBADB6288C092300200490 /* InteractorsContainer.swift in Sources */ = {isa = PBXBuildFile; fileRef = 73FBADB4288C092300200490 /* InteractorsContainer.swift */; };
		73FBADB8288C47E200200490 /* ImagesInteractor.swift in Sources */ = {isa = PBXBuildFile; fileRef = 73FBADB7288C47E200200490 /* ImagesInteractor.swift */; };
		73FBADB9288C47E200200490 /* ImagesInteractor.swift in Sources */ = {isa = PBXBuildFile; fileRef = 73FBADB7288C47E200200490 /* ImagesInteractor.swift */; };
		73FBADBD288C485C00200490 /* Image.swift in Sources */ = {isa = PBXBuildFile; fileRef = 73FBADBC288C485C00200490 /* Image.swift */; };
		73FBADBE288C485C00200490 /* Image.swift in Sources */ = {isa = PBXBuildFile; fileRef = 73FBADBC288C485C00200490 /* Image.swift */; };
		73FBADC0288C492E00200490 /* ImageProvider.swift in Sources */ = {isa = PBXBuildFile; fileRef = 73FBADBF288C492E00200490 /* ImageProvider.swift */; };
		73FBADC1288C492E00200490 /* ImageProvider.swift in Sources */ = {isa = PBXBuildFile; fileRef = 73FBADBF288C492E00200490 /* ImageProvider.swift */; };
		73FBADC5288C4B0F00200490 /* WebResourceProvider.swift in Sources */ = {isa = PBXBuildFile; fileRef = 73FBADC4288C4B0F00200490 /* WebResourceProvider.swift */; };
		73FBADC6288C4B0F00200490 /* WebResourceProvider.swift in Sources */ = {isa = PBXBuildFile; fileRef = 73FBADC4288C4B0F00200490 /* WebResourceProvider.swift */; };
		73FBADC9288C4C0500200490 /* APICall.swift in Sources */ = {isa = PBXBuildFile; fileRef = 73FBADC8288C4C0500200490 /* APICall.swift */; };
		73FBADCA288C4C0500200490 /* APICall.swift in Sources */ = {isa = PBXBuildFile; fileRef = 73FBADC8288C4C0500200490 /* APICall.swift */; };
		73FBADCC288C796800200490 /* NetworkingHelpers.swift in Sources */ = {isa = PBXBuildFile; fileRef = 73FBADCB288C796800200490 /* NetworkingHelpers.swift */; };
		73FBADCD288C796800200490 /* NetworkingHelpers.swift in Sources */ = {isa = PBXBuildFile; fileRef = 73FBADCB288C796800200490 /* NetworkingHelpers.swift */; };
		73FBADCF288C7B9F00200490 /* AppEnvironment.swift in Sources */ = {isa = PBXBuildFile; fileRef = 73FBADCE288C7B9F00200490 /* AppEnvironment.swift */; };
		73FBADD0288C7B9F00200490 /* AppEnvironment.swift in Sources */ = {isa = PBXBuildFile; fileRef = 73FBADCE288C7B9F00200490 /* AppEnvironment.swift */; };
		73FBADD2288D50CA00200490 /* ListingOfferRow.swift in Sources */ = {isa = PBXBuildFile; fileRef = 73FBADD1288D50CA00200490 /* ListingOfferRow.swift */; };
		73FBADD3288D50CA00200490 /* ListingOfferRow.swift in Sources */ = {isa = PBXBuildFile; fileRef = 73FBADD1288D50CA00200490 /* ListingOfferRow.swift */; };
		73FBADD6288D550A00200490 /* OfferTypeBadge.swift in Sources */ = {isa = PBXBuildFile; fileRef = 73FBADD5288D550A00200490 /* OfferTypeBadge.swift */; };
		73FBADD7288D550A00200490 /* OfferTypeBadge.swift in Sources */ = {isa = PBXBuildFile; fileRef = 73FBADD5288D550A00200490 /* OfferTypeBadge.swift */; };
		73FBADD9288D5B1800200490 /* Loadable.swift in Sources */ = {isa = PBXBuildFile; fileRef = 73FBADD8288D5B1800200490 /* Loadable.swift */; };
		73FBADDA288D5B1800200490 /* Loadable.swift in Sources */ = {isa = PBXBuildFile; fileRef = 73FBADD8288D5B1800200490 /* Loadable.swift */; };
		73FBADDD288D760C00200490 /* OfferView.swift in Sources */ = {isa = PBXBuildFile; fileRef = 73FBADDC288D760C00200490 /* OfferView.swift */; };
		73FBADDE288D760D00200490 /* OfferView.swift in Sources */ = {isa = PBXBuildFile; fileRef = 73FBADDC288D760C00200490 /* OfferView.swift */; };
/* End PBXBuildFile section */

/* Begin PBXFileReference section */
		73225E752885CDB60013078D /* ExbookApp.swift */ = {isa = PBXFileReference; lastKnownFileType = sourcecode.swift; path = ExbookApp.swift; sourceTree = "<group>"; };
		73225E762885CDB60013078D /* ContentView.swift */ = {isa = PBXFileReference; lastKnownFileType = sourcecode.swift; path = ContentView.swift; sourceTree = "<group>"; };
		73225E772885CDB90013078D /* Assets.xcassets */ = {isa = PBXFileReference; lastKnownFileType = folder.assetcatalog; path = Assets.xcassets; sourceTree = "<group>"; };
		73225E7C2885CDB90013078D /* Exbook.app */ = {isa = PBXFileReference; explicitFileType = wrapper.application; includeInIndex = 0; path = Exbook.app; sourceTree = BUILT_PRODUCTS_DIR; };
		73225E822885CDB90013078D /* Exbook.app */ = {isa = PBXFileReference; explicitFileType = wrapper.application; includeInIndex = 0; path = Exbook.app; sourceTree = BUILT_PRODUCTS_DIR; };
		73225E842885CDB90013078D /* macOS.entitlements */ = {isa = PBXFileReference; lastKnownFileType = text.plist.entitlements; path = macOS.entitlements; sourceTree = "<group>"; };
		73225E952885D5CF0013078D /* AppState.swift */ = {isa = PBXFileReference; lastKnownFileType = sourcecode.swift; path = AppState.swift; sourceTree = "<group>"; };
		73225E9C2885D8510013078D /* HomeView.swift */ = {isa = PBXFileReference; lastKnownFileType = sourcecode.swift; path = HomeView.swift; sourceTree = "<group>"; };
		73225E9F2885DA940013078D /* ListingView.swift */ = {isa = PBXFileReference; lastKnownFileType = sourcecode.swift; path = ListingView.swift; sourceTree = "<group>"; };
		73225EA22885DABD0013078D /* AccountView.swift */ = {isa = PBXFileReference; lastKnownFileType = sourcecode.swift; path = AccountView.swift; sourceTree = "<group>"; };
		73225EA62885DB940013078D /* BasketView.swift */ = {isa = PBXFileReference; lastKnownFileType = sourcecode.swift; path = BasketView.swift; sourceTree = "<group>"; };
		73225EA92885DE670013078D /* SearchBar.swift */ = {isa = PBXFileReference; lastKnownFileType = sourcecode.swift; path = SearchBar.swift; sourceTree = "<group>"; };
		73225EAC2885DE800013078D /* HomeViewModel.swift */ = {isa = PBXFileReference; lastKnownFileType = sourcecode.swift; path = HomeViewModel.swift; sourceTree = "<group>"; };
		739B2DBD288AB05F00EB6453 /* Offer.swift */ = {isa = PBXFileReference; lastKnownFileType = sourcecode.swift; path = Offer.swift; sourceTree = "<group>"; };
		739B2DC2288AB24F00EB6453 /* Money.swift */ = {isa = PBXFileReference; lastKnownFileType = sourcecode.swift; path = Money.swift; sourceTree = "<group>"; };
		739B2DC6288AB44D00EB6453 /* User.swift */ = {isa = PBXFileReference; lastKnownFileType = sourcecode.swift; path = User.swift; sourceTree = "<group>"; };
		739B2DCA288AB4C900EB6453 /* ShippingMethod.swift */ = {isa = PBXFileReference; lastKnownFileType = sourcecode.swift; path = ShippingMethod.swift; sourceTree = "<group>"; };
		739B2DCE288ABC6E00EB6453 /* Category.swift */ = {isa = PBXFileReference; lastKnownFileType = sourcecode.swift; path = Category.swift; sourceTree = "<group>"; };
		739B2DD1288ABCD300EB6453 /* OfferInteractor.swift */ = {isa = PBXFileReference; lastKnownFileType = sourcecode.swift; path = OfferInteractor.swift; sourceTree = "<group>"; };
		739B2DD4288ABF0E00EB6453 /* ListingSearchBar.swift */ = {isa = PBXFileReference; lastKnownFileType = sourcecode.swift; path = ListingSearchBar.swift; sourceTree = "<group>"; };
		73CB081D28886AE800058217 /* NavigableView.swift */ = {isa = PBXFileReference; lastKnownFileType = sourcecode.swift; path = NavigableView.swift; sourceTree = "<group>"; };
		73CB08242888814500058217 /* Spacing.swift */ = {isa = PBXFileReference; lastKnownFileType = sourcecode.swift; path = Spacing.swift; sourceTree = "<group>"; };
		73CB0828288881C600058217 /* Color.swift */ = {isa = PBXFileReference; lastKnownFileType = sourcecode.swift; path = Color.swift; sourceTree = "<group>"; };
		73CB082B288882BC00058217 /* StandardUI.swift */ = {isa = PBXFileReference; lastKnownFileType = sourcecode.swift; path = StandardUI.swift; sourceTree = "<group>"; };
		73FBADB1288C08E900200490 /* DIContainer.swift */ = {isa = PBXFileReference; lastKnownFileType = sourcecode.swift; path = DIContainer.swift; sourceTree = "<group>"; };
		73FBADB4288C092300200490 /* InteractorsContainer.swift */ = {isa = PBXFileReference; lastKnownFileType = sourcecode.swift; path = InteractorsContainer.swift; sourceTree = "<group>"; };
		73FBADB7288C47E200200490 /* ImagesInteractor.swift */ = {isa = PBXFileReference; lastKnownFileType = sourcecode.swift; path = ImagesInteractor.swift; sourceTree = "<group>"; };
		73FBADBC288C485C00200490 /* Image.swift */ = {isa = PBXFileReference; lastKnownFileType = sourcecode.swift; path = Image.swift; sourceTree = "<group>"; };
		73FBADBF288C492E00200490 /* ImageProvider.swift */ = {isa = PBXFileReference; lastKnownFileType = sourcecode.swift; path = ImageProvider.swift; sourceTree = "<group>"; };
		73FBADC4288C4B0F00200490 /* WebResourceProvider.swift */ = {isa = PBXFileReference; lastKnownFileType = sourcecode.swift; path = WebResourceProvider.swift; sourceTree = "<group>"; };
		73FBADC8288C4C0500200490 /* APICall.swift */ = {isa = PBXFileReference; lastKnownFileType = sourcecode.swift; path = APICall.swift; sourceTree = "<group>"; };
		73FBADCB288C796800200490 /* NetworkingHelpers.swift */ = {isa = PBXFileReference; lastKnownFileType = sourcecode.swift; path = NetworkingHelpers.swift; sourceTree = "<group>"; };
		73FBADCE288C7B9F00200490 /* AppEnvironment.swift */ = {isa = PBXFileReference; lastKnownFileType = sourcecode.swift; path = AppEnvironment.swift; sourceTree = "<group>"; };
		73FBADD1288D50CA00200490 /* ListingOfferRow.swift */ = {isa = PBXFileReference; lastKnownFileType = sourcecode.swift; path = ListingOfferRow.swift; sourceTree = "<group>"; };
		73FBADD5288D550A00200490 /* OfferTypeBadge.swift */ = {isa = PBXFileReference; lastKnownFileType = sourcecode.swift; path = OfferTypeBadge.swift; sourceTree = "<group>"; };
		73FBADD8288D5B1800200490 /* Loadable.swift */ = {isa = PBXFileReference; lastKnownFileType = sourcecode.swift; path = Loadable.swift; sourceTree = "<group>"; };
		73FBADDC288D760C00200490 /* OfferView.swift */ = {isa = PBXFileReference; lastKnownFileType = sourcecode.swift; path = OfferView.swift; sourceTree = "<group>"; };
/* End PBXFileReference section */

/* Begin PBXFrameworksBuildPhase section */
		73225E792885CDB90013078D /* Frameworks */ = {
			isa = PBXFrameworksBuildPhase;
			buildActionMask = 2147483647;
			files = (
				73CB0818288862AB00058217 /* SwiftUIRouter in Frameworks */,
			);
			runOnlyForDeploymentPostprocessing = 0;
		};
		73225E7F2885CDB90013078D /* Frameworks */ = {
			isa = PBXFrameworksBuildPhase;
			buildActionMask = 2147483647;
			files = (
				73CB081B2888631700058217 /* SwiftUIRouter in Frameworks */,
			);
			runOnlyForDeploymentPostprocessing = 0;
		};
/* End PBXFrameworksBuildPhase section */

/* Begin PBXGroup section */
		73225E6F2885CDB50013078D = {
			isa = PBXGroup;
			children = (
				73225E742885CDB60013078D /* Shared */,
				73225E832885CDB90013078D /* macOS */,
				73225E7D2885CDB90013078D /* Products */,
				73CB08192888631700058217 /* Frameworks */,
			);
			sourceTree = "<group>";
		};
		73225E742885CDB60013078D /* Shared */ = {
			isa = PBXGroup;
			children = (
				73FBADC7288C4BF600200490 /* Utils */,
				73FBADC3288C4AFC00200490 /* Infrastructure */,
				73225E982885D70C0013078D /* Views */,
				73225E942885D5C00013078D /* Model */,
				73225E932885D40D0013078D /* Core */,
				73225E752885CDB60013078D /* ExbookApp.swift */,
				73225E762885CDB60013078D /* ContentView.swift */,
				73225E772885CDB90013078D /* Assets.xcassets */,
			);
			path = Shared;
			sourceTree = "<group>";
		};
		73225E7D2885CDB90013078D /* Products */ = {
			isa = PBXGroup;
			children = (
				73225E7C2885CDB90013078D /* Exbook.app */,
				73225E822885CDB90013078D /* Exbook.app */,
			);
			name = Products;
			sourceTree = "<group>";
		};
		73225E832885CDB90013078D /* macOS */ = {
			isa = PBXGroup;
			children = (
				73225E842885CDB90013078D /* macOS.entitlements */,
			);
			path = macOS;
			sourceTree = "<group>";
		};
		73225E932885D40D0013078D /* Core */ = {
			isa = PBXGroup;
			children = (
				73FBADB0288C08D000200490 /* DependencyInjection */,
				73CB0822288880DA00058217 /* StandardUI */,
				73FBADCE288C7B9F00200490 /* AppEnvironment.swift */,
			);
			path = Core;
			sourceTree = "<group>";
		};
		73225E942885D5C00013078D /* Model */ = {
			isa = PBXGroup;
			children = (
				73FBADBB288C485200200490 /* Image */,
				739B2DCD288ABC5E00EB6453 /* Category */,
				739B2DC9288AB4B100EB6453 /* ShippingMethod */,
				739B2DC5288AB43F00EB6453 /* User */,
				739B2DC0288AB23D00EB6453 /* Common */,
				739B2DBC288AB02D00EB6453 /* Offer */,
				73225E952885D5CF0013078D /* AppState.swift */,
			);
			path = Model;
			sourceTree = "<group>";
		};
		73225E982885D70C0013078D /* Views */ = {
			isa = PBXGroup;
			children = (
				73FBADDB288D75FF00200490 /* Offer */,
				73CB081C28886A4700058217 /* Base */,
				73225EA52885DB860013078D /* Basket */,
				73225E9B2885D83E0013078D /* Account */,
				73225E9A2885D82F0013078D /* Listing */,
				73225E992885D8250013078D /* Home */,
			);
			path = Views;
			sourceTree = "<group>";
		};
		73225E992885D8250013078D /* Home */ = {
			isa = PBXGroup;
			children = (
				73225E9C2885D8510013078D /* HomeView.swift */,
				73225EA92885DE670013078D /* SearchBar.swift */,
				73225EAC2885DE800013078D /* HomeViewModel.swift */,
			);
			path = Home;
			sourceTree = "<group>";
		};
		73225E9A2885D82F0013078D /* Listing */ = {
			isa = PBXGroup;
			children = (
				73225E9F2885DA940013078D /* ListingView.swift */,
				739B2DD4288ABF0E00EB6453 /* ListingSearchBar.swift */,
				73FBADD1288D50CA00200490 /* ListingOfferRow.swift */,
			);
			path = Listing;
			sourceTree = "<group>";
		};
		73225E9B2885D83E0013078D /* Account */ = {
			isa = PBXGroup;
			children = (
				73225EA22885DABD0013078D /* AccountView.swift */,
			);
			path = Account;
			sourceTree = "<group>";
		};
		73225EA52885DB860013078D /* Basket */ = {
			isa = PBXGroup;
			children = (
				73225EA62885DB940013078D /* BasketView.swift */,
			);
			path = Basket;
			sourceTree = "<group>";
		};
		739B2DBC288AB02D00EB6453 /* Offer */ = {
			isa = PBXGroup;
			children = (
				739B2DBD288AB05F00EB6453 /* Offer.swift */,
				739B2DD1288ABCD300EB6453 /* OfferInteractor.swift */,
			);
			path = Offer;
			sourceTree = "<group>";
		};
		739B2DC0288AB23D00EB6453 /* Common */ = {
			isa = PBXGroup;
			children = (
				739B2DC2288AB24F00EB6453 /* Money.swift */,
			);
			path = Common;
			sourceTree = "<group>";
		};
		739B2DC5288AB43F00EB6453 /* User */ = {
			isa = PBXGroup;
			children = (
				739B2DC6288AB44D00EB6453 /* User.swift */,
			);
			path = User;
			sourceTree = "<group>";
		};
		739B2DC9288AB4B100EB6453 /* ShippingMethod */ = {
			isa = PBXGroup;
			children = (
				739B2DCA288AB4C900EB6453 /* ShippingMethod.swift */,
			);
			path = ShippingMethod;
			sourceTree = "<group>";
		};
		739B2DCD288ABC5E00EB6453 /* Category */ = {
			isa = PBXGroup;
			children = (
				739B2DCE288ABC6E00EB6453 /* Category.swift */,
			);
			path = Category;
			sourceTree = "<group>";
		};
		73CB08192888631700058217 /* Frameworks */ = {
			isa = PBXGroup;
			children = (
			);
			name = Frameworks;
			sourceTree = "<group>";
		};
		73CB081C28886A4700058217 /* Base */ = {
			isa = PBXGroup;
			children = (
				73FBADD5288D550A00200490 /* OfferTypeBadge.swift */,
				73CB081D28886AE800058217 /* NavigableView.swift */,
			);
			path = Base;
			sourceTree = "<group>";
		};
		73CB0822288880DA00058217 /* StandardUI */ = {
			isa = PBXGroup;
			children = (
				73CB08242888814500058217 /* Spacing.swift */,
				73CB0828288881C600058217 /* Color.swift */,
				73CB082B288882BC00058217 /* StandardUI.swift */,
			);
			path = StandardUI;
			sourceTree = "<group>";
		};
		73FBADB0288C08D000200490 /* DependencyInjection */ = {
			isa = PBXGroup;
			children = (
				73FBADB1288C08E900200490 /* DIContainer.swift */,
				73FBADB4288C092300200490 /* InteractorsContainer.swift */,
			);
			path = DependencyInjection;
			sourceTree = "<group>";
		};
		73FBADBB288C485200200490 /* Image */ = {
			isa = PBXGroup;
			children = (
				73FBADB7288C47E200200490 /* ImagesInteractor.swift */,
				73FBADBC288C485C00200490 /* Image.swift */,
				73FBADBF288C492E00200490 /* ImageProvider.swift */,
			);
			path = Image;
			sourceTree = "<group>";
		};
		73FBADC3288C4AFC00200490 /* Infrastructure */ = {
			isa = PBXGroup;
			children = (
				73FBADC4288C4B0F00200490 /* WebResourceProvider.swift */,
			);
			path = Infrastructure;
			sourceTree = "<group>";
		};
		73FBADC7288C4BF600200490 /* Utils */ = {
			isa = PBXGroup;
			children = (
				73FBADC8288C4C0500200490 /* APICall.swift */,
				73FBADCB288C796800200490 /* NetworkingHelpers.swift */,
				73FBADD8288D5B1800200490 /* Loadable.swift */,
			);
			path = Utils;
			sourceTree = "<group>";
		};
		73FBADDB288D75FF00200490 /* Offer */ = {
			isa = PBXGroup;
			children = (
				73FBADDC288D760C00200490 /* OfferView.swift */,
			);
			path = Offer;
			sourceTree = "<group>";
		};
/* End PBXGroup section */

/* Begin PBXNativeTarget section */
		73225E7B2885CDB90013078D /* Exbook (iOS) */ = {
			isa = PBXNativeTarget;
			buildConfigurationList = 73225E8D2885CDB90013078D /* Build configuration list for PBXNativeTarget "Exbook (iOS)" */;
			buildPhases = (
				73225E782885CDB90013078D /* Sources */,
				73225E792885CDB90013078D /* Frameworks */,
				73225E7A2885CDB90013078D /* Resources */,
			);
			buildRules = (
			);
			dependencies = (
			);
			name = "Exbook (iOS)";
			packageProductDependencies = (
				73CB0817288862AB00058217 /* SwiftUIRouter */,
			);
			productName = "Exbook (iOS)";
			productReference = 73225E7C2885CDB90013078D /* Exbook.app */;
			productType = "com.apple.product-type.application";
		};
		73225E812885CDB90013078D /* Exbook (macOS) */ = {
			isa = PBXNativeTarget;
			buildConfigurationList = 73225E902885CDB90013078D /* Build configuration list for PBXNativeTarget "Exbook (macOS)" */;
			buildPhases = (
				73225E7E2885CDB90013078D /* Sources */,
				73225E7F2885CDB90013078D /* Frameworks */,
				73225E802885CDB90013078D /* Resources */,
			);
			buildRules = (
			);
			dependencies = (
			);
			name = "Exbook (macOS)";
			packageProductDependencies = (
				73CB081A2888631700058217 /* SwiftUIRouter */,
			);
			productName = "Exbook (macOS)";
			productReference = 73225E822885CDB90013078D /* Exbook.app */;
			productType = "com.apple.product-type.application";
		};
/* End PBXNativeTarget section */

/* Begin PBXProject section */
		73225E702885CDB50013078D /* Project object */ = {
			isa = PBXProject;
			attributes = {
				BuildIndependentTargetsInParallel = 1;
				LastSwiftUpdateCheck = 1340;
				LastUpgradeCheck = 1340;
				TargetAttributes = {
					73225E7B2885CDB90013078D = {
						CreatedOnToolsVersion = 13.4.1;
					};
					73225E812885CDB90013078D = {
						CreatedOnToolsVersion = 13.4.1;
					};
				};
			};
			buildConfigurationList = 73225E732885CDB50013078D /* Build configuration list for PBXProject "Exbook" */;
			compatibilityVersion = "Xcode 13.0";
			developmentRegion = en;
			hasScannedForEncodings = 0;
			knownRegions = (
				en,
				Base,
			);
			mainGroup = 73225E6F2885CDB50013078D;
			packageReferences = (
				73CB0816288862AB00058217 /* XCRemoteSwiftPackageReference "SwiftUIRouter" */,
			);
			productRefGroup = 73225E7D2885CDB90013078D /* Products */;
			projectDirPath = "";
			projectRoot = "";
			targets = (
				73225E7B2885CDB90013078D /* Exbook (iOS) */,
				73225E812885CDB90013078D /* Exbook (macOS) */,
			);
		};
/* End PBXProject section */

/* Begin PBXResourcesBuildPhase section */
		73225E7A2885CDB90013078D /* Resources */ = {
			isa = PBXResourcesBuildPhase;
			buildActionMask = 2147483647;
			files = (
				73225E892885CDB90013078D /* Assets.xcassets in Resources */,
			);
			runOnlyForDeploymentPostprocessing = 0;
		};
		73225E802885CDB90013078D /* Resources */ = {
			isa = PBXResourcesBuildPhase;
			buildActionMask = 2147483647;
			files = (
				73225E8A2885CDB90013078D /* Assets.xcassets in Resources */,
			);
			runOnlyForDeploymentPostprocessing = 0;
		};
/* End PBXResourcesBuildPhase section */

/* Begin PBXSourcesBuildPhase section */
		73225E782885CDB90013078D /* Sources */ = {
			isa = PBXSourcesBuildPhase;
			buildActionMask = 2147483647;
			files = (
				73225EA32885DABD0013078D /* AccountView.swift in Sources */,
				73FBADBD288C485C00200490 /* Image.swift in Sources */,
				73FBADB2288C08E900200490 /* DIContainer.swift in Sources */,
				73CB082C288882BC00058217 /* StandardUI.swift in Sources */,
				73FBADD2288D50CA00200490 /* ListingOfferRow.swift in Sources */,
				73CB08252888814500058217 /* Spacing.swift in Sources */,
				73225EAD2885DE800013078D /* HomeViewModel.swift in Sources */,
				739B2DC7288AB44D00EB6453 /* User.swift in Sources */,
				73FBADB5288C092300200490 /* InteractorsContainer.swift in Sources */,
				73FBADB8288C47E200200490 /* ImagesInteractor.swift in Sources */,
				739B2DCF288ABC6E00EB6453 /* Category.swift in Sources */,
				73225E962885D5CF0013078D /* AppState.swift in Sources */,
				73225EA02885DA940013078D /* ListingView.swift in Sources */,
				73FBADD6288D550A00200490 /* OfferTypeBadge.swift in Sources */,
				739B2DC3288AB24F00EB6453 /* Money.swift in Sources */,
				739B2DD2288ABCD300EB6453 /* OfferInteractor.swift in Sources */,
				73FBADCF288C7B9F00200490 /* AppEnvironment.swift in Sources */,
				73CB0829288881C600058217 /* Color.swift in Sources */,
				73FBADC0288C492E00200490 /* ImageProvider.swift in Sources */,
				73FBADDD288D760C00200490 /* OfferView.swift in Sources */,
				73225E9D2885D8510013078D /* HomeView.swift in Sources */,
				739B2DCB288AB4C900EB6453 /* ShippingMethod.swift in Sources */,
				739B2DBE288AB05F00EB6453 /* Offer.swift in Sources */,
				73225E872885CDB90013078D /* ContentView.swift in Sources */,
				73225EAA2885DE670013078D /* SearchBar.swift in Sources */,
				73FBADCC288C796800200490 /* NetworkingHelpers.swift in Sources */,
				73FBADC5288C4B0F00200490 /* WebResourceProvider.swift in Sources */,
				73225EA72885DB940013078D /* BasketView.swift in Sources */,
				739B2DD5288ABF0E00EB6453 /* ListingSearchBar.swift in Sources */,
				73CB081E28886AE800058217 /* NavigableView.swift in Sources */,
				73FBADD9288D5B1800200490 /* Loadable.swift in Sources */,
				73225E852885CDB90013078D /* ExbookApp.swift in Sources */,
				73FBADC9288C4C0500200490 /* APICall.swift in Sources */,
			);
			runOnlyForDeploymentPostprocessing = 0;
		};
		73225E7E2885CDB90013078D /* Sources */ = {
			isa = PBXSourcesBuildPhase;
			buildActionMask = 2147483647;
			files = (
				73225EA42885DABD0013078D /* AccountView.swift in Sources */,
				73FBADBE288C485C00200490 /* Image.swift in Sources */,
				73FBADB3288C08E900200490 /* DIContainer.swift in Sources */,
				73CB082D288882BC00058217 /* StandardUI.swift in Sources */,
				73FBADD3288D50CA00200490 /* ListingOfferRow.swift in Sources */,
				73CB08262888814500058217 /* Spacing.swift in Sources */,
				73225EAE2885DE800013078D /* HomeViewModel.swift in Sources */,
				739B2DC8288AB44D00EB6453 /* User.swift in Sources */,
				73FBADB6288C092300200490 /* InteractorsContainer.swift in Sources */,
				73FBADB9288C47E200200490 /* ImagesInteractor.swift in Sources */,
				739B2DD0288ABC6E00EB6453 /* Category.swift in Sources */,
				73225E972885D5CF0013078D /* AppState.swift in Sources */,
				73225EA12885DA940013078D /* ListingView.swift in Sources */,
				73FBADD7288D550A00200490 /* OfferTypeBadge.swift in Sources */,
				739B2DC4288AB24F00EB6453 /* Money.swift in Sources */,
				739B2DD3288ABCD300EB6453 /* OfferInteractor.swift in Sources */,
				73FBADD0288C7B9F00200490 /* AppEnvironment.swift in Sources */,
				73CB082A288881C600058217 /* Color.swift in Sources */,
				73FBADC1288C492E00200490 /* ImageProvider.swift in Sources */,
				73FBADDE288D760D00200490 /* OfferView.swift in Sources */,
				73225E9E2885D8510013078D /* HomeView.swift in Sources */,
				739B2DCC288AB4C900EB6453 /* ShippingMethod.swift in Sources */,
				739B2DBF288AB05F00EB6453 /* Offer.swift in Sources */,
				73225E882885CDB90013078D /* ContentView.swift in Sources */,
				73225EAB2885DE670013078D /* SearchBar.swift in Sources */,
				73FBADCD288C796800200490 /* NetworkingHelpers.swift in Sources */,
				73FBADC6288C4B0F00200490 /* WebResourceProvider.swift in Sources */,
				73225EA82885DB940013078D /* BasketView.swift in Sources */,
				739B2DD6288ABF0E00EB6453 /* ListingSearchBar.swift in Sources */,
				73CB081F28886AE800058217 /* NavigableView.swift in Sources */,
				73FBADDA288D5B1800200490 /* Loadable.swift in Sources */,
				73225E862885CDB90013078D /* ExbookApp.swift in Sources */,
				73FBADCA288C4C0500200490 /* APICall.swift in Sources */,
			);
			runOnlyForDeploymentPostprocessing = 0;
		};
/* End PBXSourcesBuildPhase section */

/* Begin XCBuildConfiguration section */
		73225E8B2885CDB90013078D /* Debug */ = {
			isa = XCBuildConfiguration;
			buildSettings = {
				ALWAYS_SEARCH_USER_PATHS = NO;
				CLANG_ANALYZER_NONNULL = YES;
				CLANG_ANALYZER_NUMBER_OBJECT_CONVERSION = YES_AGGRESSIVE;
				CLANG_CXX_LANGUAGE_STANDARD = "gnu++17";
				CLANG_ENABLE_MODULES = YES;
				CLANG_ENABLE_OBJC_ARC = YES;
				CLANG_ENABLE_OBJC_WEAK = YES;
				CLANG_WARN_BLOCK_CAPTURE_AUTORELEASING = YES;
				CLANG_WARN_BOOL_CONVERSION = YES;
				CLANG_WARN_COMMA = YES;
				CLANG_WARN_CONSTANT_CONVERSION = YES;
				CLANG_WARN_DEPRECATED_OBJC_IMPLEMENTATIONS = YES;
				CLANG_WARN_DIRECT_OBJC_ISA_USAGE = YES_ERROR;
				CLANG_WARN_DOCUMENTATION_COMMENTS = YES;
				CLANG_WARN_EMPTY_BODY = YES;
				CLANG_WARN_ENUM_CONVERSION = YES;
				CLANG_WARN_INFINITE_RECURSION = YES;
				CLANG_WARN_INT_CONVERSION = YES;
				CLANG_WARN_NON_LITERAL_NULL_CONVERSION = YES;
				CLANG_WARN_OBJC_IMPLICIT_RETAIN_SELF = YES;
				CLANG_WARN_OBJC_LITERAL_CONVERSION = YES;
				CLANG_WARN_OBJC_ROOT_CLASS = YES_ERROR;
				CLANG_WARN_QUOTED_INCLUDE_IN_FRAMEWORK_HEADER = YES;
				CLANG_WARN_RANGE_LOOP_ANALYSIS = YES;
				CLANG_WARN_STRICT_PROTOTYPES = YES;
				CLANG_WARN_SUSPICIOUS_MOVE = YES;
				CLANG_WARN_UNGUARDED_AVAILABILITY = YES_AGGRESSIVE;
				CLANG_WARN_UNREACHABLE_CODE = YES;
				CLANG_WARN__DUPLICATE_METHOD_MATCH = YES;
				COPY_PHASE_STRIP = NO;
				DEBUG_INFORMATION_FORMAT = dwarf;
				ENABLE_STRICT_OBJC_MSGSEND = YES;
				ENABLE_TESTABILITY = YES;
				GCC_C_LANGUAGE_STANDARD = gnu11;
				GCC_DYNAMIC_NO_PIC = NO;
				GCC_NO_COMMON_BLOCKS = YES;
				GCC_OPTIMIZATION_LEVEL = 0;
				GCC_PREPROCESSOR_DEFINITIONS = (
					"DEBUG=1",
					"$(inherited)",
				);
				GCC_WARN_64_TO_32_BIT_CONVERSION = YES;
				GCC_WARN_ABOUT_RETURN_TYPE = YES_ERROR;
				GCC_WARN_UNDECLARED_SELECTOR = YES;
				GCC_WARN_UNINITIALIZED_AUTOS = YES_AGGRESSIVE;
				GCC_WARN_UNUSED_FUNCTION = YES;
				GCC_WARN_UNUSED_VARIABLE = YES;
				IPHONEOS_DEPLOYMENT_TARGET = 15.5;
				MACOSX_DEPLOYMENT_TARGET = 12.3;
				MTL_ENABLE_DEBUG_INFO = INCLUDE_SOURCE;
				MTL_FAST_MATH = YES;
				ONLY_ACTIVE_ARCH = YES;
				SWIFT_ACTIVE_COMPILATION_CONDITIONS = DEBUG;
				SWIFT_OPTIMIZATION_LEVEL = "-Onone";
			};
			name = Debug;
		};
		73225E8C2885CDB90013078D /* Release */ = {
			isa = XCBuildConfiguration;
			buildSettings = {
				ALWAYS_SEARCH_USER_PATHS = NO;
				CLANG_ANALYZER_NONNULL = YES;
				CLANG_ANALYZER_NUMBER_OBJECT_CONVERSION = YES_AGGRESSIVE;
				CLANG_CXX_LANGUAGE_STANDARD = "gnu++17";
				CLANG_ENABLE_MODULES = YES;
				CLANG_ENABLE_OBJC_ARC = YES;
				CLANG_ENABLE_OBJC_WEAK = YES;
				CLANG_WARN_BLOCK_CAPTURE_AUTORELEASING = YES;
				CLANG_WARN_BOOL_CONVERSION = YES;
				CLANG_WARN_COMMA = YES;
				CLANG_WARN_CONSTANT_CONVERSION = YES;
				CLANG_WARN_DEPRECATED_OBJC_IMPLEMENTATIONS = YES;
				CLANG_WARN_DIRECT_OBJC_ISA_USAGE = YES_ERROR;
				CLANG_WARN_DOCUMENTATION_COMMENTS = YES;
				CLANG_WARN_EMPTY_BODY = YES;
				CLANG_WARN_ENUM_CONVERSION = YES;
				CLANG_WARN_INFINITE_RECURSION = YES;
				CLANG_WARN_INT_CONVERSION = YES;
				CLANG_WARN_NON_LITERAL_NULL_CONVERSION = YES;
				CLANG_WARN_OBJC_IMPLICIT_RETAIN_SELF = YES;
				CLANG_WARN_OBJC_LITERAL_CONVERSION = YES;
				CLANG_WARN_OBJC_ROOT_CLASS = YES_ERROR;
				CLANG_WARN_QUOTED_INCLUDE_IN_FRAMEWORK_HEADER = YES;
				CLANG_WARN_RANGE_LOOP_ANALYSIS = YES;
				CLANG_WARN_STRICT_PROTOTYPES = YES;
				CLANG_WARN_SUSPICIOUS_MOVE = YES;
				CLANG_WARN_UNGUARDED_AVAILABILITY = YES_AGGRESSIVE;
				CLANG_WARN_UNREACHABLE_CODE = YES;
				CLANG_WARN__DUPLICATE_METHOD_MATCH = YES;
				COPY_PHASE_STRIP = NO;
				DEBUG_INFORMATION_FORMAT = "dwarf-with-dsym";
				ENABLE_NS_ASSERTIONS = NO;
				ENABLE_STRICT_OBJC_MSGSEND = YES;
				GCC_C_LANGUAGE_STANDARD = gnu11;
				GCC_NO_COMMON_BLOCKS = YES;
				GCC_WARN_64_TO_32_BIT_CONVERSION = YES;
				GCC_WARN_ABOUT_RETURN_TYPE = YES_ERROR;
				GCC_WARN_UNDECLARED_SELECTOR = YES;
				GCC_WARN_UNINITIALIZED_AUTOS = YES_AGGRESSIVE;
				GCC_WARN_UNUSED_FUNCTION = YES;
				GCC_WARN_UNUSED_VARIABLE = YES;
				IPHONEOS_DEPLOYMENT_TARGET = 15.5;
				MACOSX_DEPLOYMENT_TARGET = 12.3;
				MTL_ENABLE_DEBUG_INFO = NO;
				MTL_FAST_MATH = YES;
				SWIFT_COMPILATION_MODE = wholemodule;
				SWIFT_OPTIMIZATION_LEVEL = "-O";
			};
			name = Release;
		};
		73225E8E2885CDB90013078D /* Debug */ = {
			isa = XCBuildConfiguration;
			buildSettings = {
				ASSETCATALOG_COMPILER_APPICON_NAME = AppIcon;
				ASSETCATALOG_COMPILER_GLOBAL_ACCENT_COLOR_NAME = AccentColor;
				CODE_SIGN_STYLE = Automatic;
				CURRENT_PROJECT_VERSION = 1;
				DEVELOPMENT_TEAM = 362M7DLB2G;
				ENABLE_PREVIEWS = YES;
				GENERATE_INFOPLIST_FILE = YES;
				INFOPLIST_KEY_UIApplicationSceneManifest_Generation = YES;
				INFOPLIST_KEY_UIApplicationSupportsIndirectInputEvents = YES;
				INFOPLIST_KEY_UILaunchScreen_Generation = YES;
				INFOPLIST_KEY_UISupportedInterfaceOrientations = UIInterfaceOrientationPortrait;
				INFOPLIST_KEY_UISupportedInterfaceOrientations_iPad = "UIInterfaceOrientationPortrait UIInterfaceOrientationPortraitUpsideDown UIInterfaceOrientationLandscapeLeft UIInterfaceOrientationLandscapeRight";
				INFOPLIST_KEY_UISupportedInterfaceOrientations_iPhone = "UIInterfaceOrientationPortrait UIInterfaceOrientationLandscapeLeft UIInterfaceOrientationLandscapeRight";
				IPHONEOS_DEPLOYMENT_TARGET = 15.5;
				LD_RUNPATH_SEARCH_PATHS = (
					"$(inherited)",
					"@executable_path/Frameworks",
				);
				MARKETING_VERSION = 1.0;
				PRODUCT_BUNDLE_IDENTIFIER = com.exbook.Exbook;
				PRODUCT_NAME = Exbook;
				SDKROOT = iphoneos;
				SWIFT_EMIT_LOC_STRINGS = YES;
				SWIFT_VERSION = 5.0;
				TARGETED_DEVICE_FAMILY = "1,2";
			};
			name = Debug;
		};
		73225E8F2885CDB90013078D /* Release */ = {
			isa = XCBuildConfiguration;
			buildSettings = {
				ASSETCATALOG_COMPILER_APPICON_NAME = AppIcon;
				ASSETCATALOG_COMPILER_GLOBAL_ACCENT_COLOR_NAME = AccentColor;
				CODE_SIGN_STYLE = Automatic;
				CURRENT_PROJECT_VERSION = 1;
				DEVELOPMENT_TEAM = 362M7DLB2G;
				ENABLE_PREVIEWS = YES;
				GENERATE_INFOPLIST_FILE = YES;
				INFOPLIST_KEY_UIApplicationSceneManifest_Generation = YES;
				INFOPLIST_KEY_UIApplicationSupportsIndirectInputEvents = YES;
				INFOPLIST_KEY_UILaunchScreen_Generation = YES;
				INFOPLIST_KEY_UISupportedInterfaceOrientations = UIInterfaceOrientationPortrait;
				INFOPLIST_KEY_UISupportedInterfaceOrientations_iPad = "UIInterfaceOrientationPortrait UIInterfaceOrientationPortraitUpsideDown UIInterfaceOrientationLandscapeLeft UIInterfaceOrientationLandscapeRight";
				INFOPLIST_KEY_UISupportedInterfaceOrientations_iPhone = "UIInterfaceOrientationPortrait UIInterfaceOrientationLandscapeLeft UIInterfaceOrientationLandscapeRight";
				IPHONEOS_DEPLOYMENT_TARGET = 15.5;
				LD_RUNPATH_SEARCH_PATHS = (
					"$(inherited)",
					"@executable_path/Frameworks",
				);
				MARKETING_VERSION = 1.0;
				PRODUCT_BUNDLE_IDENTIFIER = com.exbook.Exbook;
				PRODUCT_NAME = Exbook;
				SDKROOT = iphoneos;
				SWIFT_EMIT_LOC_STRINGS = YES;
				SWIFT_VERSION = 5.0;
				TARGETED_DEVICE_FAMILY = "1,2";
				VALIDATE_PRODUCT = YES;
			};
			name = Release;
		};
		73225E912885CDB90013078D /* Debug */ = {
			isa = XCBuildConfiguration;
			buildSettings = {
				ASSETCATALOG_COMPILER_APPICON_NAME = AppIcon;
				ASSETCATALOG_COMPILER_GLOBAL_ACCENT_COLOR_NAME = AccentColor;
				CODE_SIGN_ENTITLEMENTS = macOS/macOS.entitlements;
				CODE_SIGN_STYLE = Automatic;
				COMBINE_HIDPI_IMAGES = YES;
				CURRENT_PROJECT_VERSION = 1;
				DEVELOPMENT_TEAM = 362M7DLB2G;
				ENABLE_HARDENED_RUNTIME = YES;
				ENABLE_PREVIEWS = YES;
				GENERATE_INFOPLIST_FILE = YES;
				INFOPLIST_KEY_NSHumanReadableCopyright = "";
				LD_RUNPATH_SEARCH_PATHS = (
					"$(inherited)",
					"@executable_path/../Frameworks",
				);
				MACOSX_DEPLOYMENT_TARGET = 12.3;
				MARKETING_VERSION = 1.0;
				PRODUCT_BUNDLE_IDENTIFIER = com.exbook.Exbook;
				PRODUCT_NAME = Exbook;
				SDKROOT = macosx;
				SWIFT_EMIT_LOC_STRINGS = YES;
				SWIFT_VERSION = 5.0;
			};
			name = Debug;
		};
		73225E922885CDB90013078D /* Release */ = {
			isa = XCBuildConfiguration;
			buildSettings = {
				ASSETCATALOG_COMPILER_APPICON_NAME = AppIcon;
				ASSETCATALOG_COMPILER_GLOBAL_ACCENT_COLOR_NAME = AccentColor;
				CODE_SIGN_ENTITLEMENTS = macOS/macOS.entitlements;
				CODE_SIGN_STYLE = Automatic;
				COMBINE_HIDPI_IMAGES = YES;
				CURRENT_PROJECT_VERSION = 1;
				DEVELOPMENT_TEAM = 362M7DLB2G;
				ENABLE_HARDENED_RUNTIME = YES;
				ENABLE_PREVIEWS = YES;
				GENERATE_INFOPLIST_FILE = YES;
				INFOPLIST_KEY_NSHumanReadableCopyright = "";
				LD_RUNPATH_SEARCH_PATHS = (
					"$(inherited)",
					"@executable_path/../Frameworks",
				);
				MACOSX_DEPLOYMENT_TARGET = 12.3;
				MARKETING_VERSION = 1.0;
				PRODUCT_BUNDLE_IDENTIFIER = com.exbook.Exbook;
				PRODUCT_NAME = Exbook;
				SDKROOT = macosx;
				SWIFT_EMIT_LOC_STRINGS = YES;
				SWIFT_VERSION = 5.0;
			};
			name = Release;
		};
/* End XCBuildConfiguration section */

/* Begin XCConfigurationList section */
		73225E732885CDB50013078D /* Build configuration list for PBXProject "Exbook" */ = {
			isa = XCConfigurationList;
			buildConfigurations = (
				73225E8B2885CDB90013078D /* Debug */,
				73225E8C2885CDB90013078D /* Release */,
			);
			defaultConfigurationIsVisible = 0;
			defaultConfigurationName = Release;
		};
		73225E8D2885CDB90013078D /* Build configuration list for PBXNativeTarget "Exbook (iOS)" */ = {
			isa = XCConfigurationList;
			buildConfigurations = (
				73225E8E2885CDB90013078D /* Debug */,
				73225E8F2885CDB90013078D /* Release */,
			);
			defaultConfigurationIsVisible = 0;
			defaultConfigurationName = Release;
		};
		73225E902885CDB90013078D /* Build configuration list for PBXNativeTarget "Exbook (macOS)" */ = {
			isa = XCConfigurationList;
			buildConfigurations = (
				73225E912885CDB90013078D /* Debug */,
				73225E922885CDB90013078D /* Release */,
			);
			defaultConfigurationIsVisible = 0;
			defaultConfigurationName = Release;
		};
/* End XCConfigurationList section */

/* Begin XCRemoteSwiftPackageReference section */
		73CB0816288862AB00058217 /* XCRemoteSwiftPackageReference "SwiftUIRouter" */ = {
			isa = XCRemoteSwiftPackageReference;
			repositoryURL = "https://github.com/frzi/SwiftUIRouter";
			requirement = {
				kind = upToNextMajorVersion;
				minimumVersion = 1.0.0;
			};
		};
/* End XCRemoteSwiftPackageReference section */

/* Begin XCSwiftPackageProductDependency section */
		73CB0817288862AB00058217 /* SwiftUIRouter */ = {
			isa = XCSwiftPackageProductDependency;
			package = 73CB0816288862AB00058217 /* XCRemoteSwiftPackageReference "SwiftUIRouter" */;
			productName = SwiftUIRouter;
		};
		73CB081A2888631700058217 /* SwiftUIRouter */ = {
			isa = XCSwiftPackageProductDependency;
			package = 73CB0816288862AB00058217 /* XCRemoteSwiftPackageReference "SwiftUIRouter" */;
			productName = SwiftUIRouter;
		};
/* End XCSwiftPackageProductDependency section */
	};
	rootObject = 73225E702885CDB50013078D /* Project object */;
}
